
Microsoft Visual Studio Solution File, Format Version 12.00
# Visual Studio 2012
Project("{2150E333-8FDC-42A3-9474-1A3956D46DE8}") = "tests", "tests", "{168AC2A9-E13F-4E0C-B651-17CBAAE53580}"
EndProject
Project("{FAE04EC0-301F-11D3-BF4B-00C04F79EFBC}") = "__NAME__.Console", "src\__NAME__.Console\__NAME__.Console.csproj", "{13401130-68A4-4A1D-9D8D-15E984187DB2}"
EndProject
Project("{FAE04EC0-301F-11D3-BF4B-00C04F79EFBC}") = "__NAME__", "src\__NAME__\__NAME__.csproj", "{F114FE57-63E7-4B3F-AF42-12A9DA6CB11C}"
EndProject
Project("{FAE04EC0-301F-11D3-BF4B-00C04F79EFBC}") = "__NAME__.Tests", "tests\__NAME__.Tests\__NAME__.Tests.csproj", "{5FA52CD4-9098-4A48-A86E-07F1E9D133D1}"
EndProject
Project("{2150E333-8FDC-42A3-9474-1A3956D46DE8}") = ".nuget", ".nuget", "{96F0020F-DFB3-48EA-9AD2-2F3178915F23}"
	ProjectSection(SolutionItems) = preProject
		.nuget\NuGet.Config = .nuget\NuGet.Config
		.nuget\NuGet.exe = .nuget\NuGet.exe
		.nuget\NuGet.targets = .nuget\NuGet.targets
	EndProjectSection
EndProject
Global
	GlobalSection(SolutionConfigurationPlatforms) = preSolution
		Debug|Any CPU = Debug|Any CPU
		Release|Any CPU = Release|Any CPU
	EndGlobalSection
	GlobalSection(ProjectConfigurationPlatforms) = postSolution
		{13401130-68A4-4A1D-9D8D-15E984187DB2}.Debug|Any CPU.ActiveCfg = Debug|Any CPU
		{13401130-68A4-4A1D-9D8D-15E984187DB2}.Debug|Any CPU.Build.0 = Debug|Any CPU
		{13401130-68A4-4A1D-9D8D-15E984187DB2}.Release|Any CPU.ActiveCfg = Release|Any CPU
		{13401130-68A4-4A1D-9D8D-15E984187DB2}.Release|Any CPU.Build.0 = Release|Any CPU
		{F114FE57-63E7-4B3F-AF42-12A9DA6CB11C}.Debug|Any CPU.ActiveCfg = Debug|Any CPU
		{F114FE57-63E7-4B3F-AF42-12A9DA6CB11C}.Debug|Any CPU.Build.0 = Debug|Any CPU
		{F114FE57-63E7-4B3F-AF42-12A9DA6CB11C}.Release|Any CPU.ActiveCfg = Release|Any CPU
		{F114FE57-63E7-4B3F-AF42-12A9DA6CB11C}.Release|Any CPU.Build.0 = Release|Any CPU
		{5FA52CD4-9098-4A48-A86E-07F1E9D133D1}.Debug|Any CPU.ActiveCfg = Debug|Any CPU
		{5FA52CD4-9098-4A48-A86E-07F1E9D133D1}.Debug|Any CPU.Build.0 = Debug|Any CPU
		{5FA52CD4-9098-4A48-A86E-07F1E9D133D1}.Release|Any CPU.ActiveCfg = Release|Any CPU
		{5FA52CD4-9098-4A48-A86E-07F1E9D133D1}.Release|Any CPU.Build.0 = Release|Any CPU
	EndGlobalSection
	GlobalSection(SolutionProperties) = preSolution
		HideSolutionNode = FALSE
	EndGlobalSection
	GlobalSection(NestedProjects) = preSolution
		{5FA52CD4-9098-4A48-A86E-07F1E9D133D1} = {168AC2A9-E13F-4E0C-B651-17CBAAE53580}
	EndGlobalSection
EndGlobal
